
Microsoft Visual Studio Solution File, Format Version 12.00
# Visual Studio Version 17
VisualStudioVersion = 17.9.34622.214
MinimumVisualStudioVersion = 10.0.40219.1
Project("{FAE04EC0-301F-11D3-BF4B-00C04F79EFBC}") = "QLSV", "QLSV\QLSV.csproj", "{2DF9974A-226B-412D-A1E8-F536C18B60FA}"
EndProject
Global
	GlobalSection(SolutionConfigurationPlatforms) = preSolution
		Debug|Any CPU = Debug|Any CPU
		Release|Any CPU = Release|Any CPU
	EndGlobalSection
	GlobalSection(ProjectConfigurationPlatforms) = postSolution
		{2DF9974A-226B-412D-A1E8-F536C18B60FA}.Debug|Any CPU.ActiveCfg = Debug|Any CPU
		{2DF9974A-226B-412D-A1E8-F536C18B60FA}.Debug|Any CPU.Build.0 = Debug|Any CPU
		{2DF9974A-226B-412D-A1E8-F536C18B60FA}.Release|Any CPU.ActiveCfg = Release|Any CPU
		{2DF9974A-226B-412D-A1E8-F536C18B60FA}.Release|Any CPU.Build.0 = Release|Any CPU
	EndGlobalSection
	GlobalSection(SolutionProperties) = preSolution
		HideSolutionNode = FALSE
	EndGlobalSection
	GlobalSection(ExtensibilityGlobals) = postSolution
		SolutionGuid = {E2FA6AC9-660F-4A27-821E-316ACD5E8C20}
	EndGlobalSection
EndGlobal
