
Microsoft Visual Studio Solution File, Format Version 12.00
# Visual Studio Version 17
VisualStudioVersion = 17.9.34622.214
MinimumVisualStudioVersion = 10.0.40219.1
Project("{FAE04EC0-301F-11D3-BF4B-00C04F79EFBC}") = "Bai2_do_while_2", "Bai2_do_while_2\Bai2_do_while_2.csproj", "{432F39A6-C499-45A5-B938-E13D9EACE117}"
EndProject
Global
	GlobalSection(SolutionConfigurationPlatforms) = preSolution
		Debug|Any CPU = Debug|Any CPU
		Release|Any CPU = Release|Any CPU
	EndGlobalSection
	GlobalSection(ProjectConfigurationPlatforms) = postSolution
		{432F39A6-C499-45A5-B938-E13D9EACE117}.Debug|Any CPU.ActiveCfg = Debug|Any CPU
		{432F39A6-C499-45A5-B938-E13D9EACE117}.Debug|Any CPU.Build.0 = Debug|Any CPU
		{432F39A6-C499-45A5-B938-E13D9EACE117}.Release|Any CPU.ActiveCfg = Release|Any CPU
		{432F39A6-C499-45A5-B938-E13D9EACE117}.Release|Any CPU.Build.0 = Release|Any CPU
	EndGlobalSection
	GlobalSection(SolutionProperties) = preSolution
		HideSolutionNode = FALSE
	EndGlobalSection
	GlobalSection(ExtensibilityGlobals) = postSolution
		SolutionGuid = {87F8C2F4-24E6-411E-A38E-8BD04A3D8345}
	EndGlobalSection
EndGlobal
